
Microsoft Visual Studio Solution File, Format Version 12.00
# Visual Studio 15
VisualStudioVersion = 15.0.28307.757
MinimumVisualStudioVersion = 10.0.40219.1
Project("{FAE04EC0-301F-11D3-BF4B-00C04F79EFBC}") = "DL_PlanChecker", "DL_PlanChecker\DL_PlanChecker.csproj", "{8C6C4A39-4AE3-4C81-B6AA-1B721A9A44CB}"
EndProject
Global
	GlobalSection(SolutionConfigurationPlatforms) = preSolution
		Debug|Any CPU = Debug|Any CPU
		Debug|x64 = Debug|x64
		Release|Any CPU = Release|Any CPU
		Release|x64 = Release|x64
	EndGlobalSection
	GlobalSection(ProjectConfigurationPlatforms) = postSolution
		{8C6C4A39-4AE3-4C81-B6AA-1B721A9A44CB}.Debug|Any CPU.ActiveCfg = Debug|Any CPU
		{8C6C4A39-4AE3-4C81-B6AA-1B721A9A44CB}.Debug|Any CPU.Build.0 = Debug|Any CPU
		{8C6C4A39-4AE3-4C81-B6AA-1B721A9A44CB}.Debug|x64.ActiveCfg = Debug|x64
		{8C6C4A39-4AE3-4C81-B6AA-1B721A9A44CB}.Debug|x64.Build.0 = Debug|x64
		{8C6C4A39-4AE3-4C81-B6AA-1B721A9A44CB}.Release|Any CPU.ActiveCfg = Release|Any CPU
		{8C6C4A39-4AE3-4C81-B6AA-1B721A9A44CB}.Release|Any CPU.Build.0 = Release|Any CPU
		{8C6C4A39-4AE3-4C81-B6AA-1B721A9A44CB}.Release|x64.ActiveCfg = Release|x64
		{8C6C4A39-4AE3-4C81-B6AA-1B721A9A44CB}.Release|x64.Build.0 = Release|x64
	EndGlobalSection
	GlobalSection(SolutionProperties) = preSolution
		HideSolutionNode = FALSE
	EndGlobalSection
	GlobalSection(ExtensibilityGlobals) = postSolution
		SolutionGuid = {5977B0EB-D36D-4A38-BC80-929F6D15BFE4}
	EndGlobalSection
EndGlobal
